// !$*UTF8*$!
{
	archiveVersion = 1;
	classes = {
	};
	objectVersion = 56;
	objects = {

/* Begin PBXBuildFile section */
		5C24AA9A299A34F000CA4646 /* AuthViewController.swift in Sources */ = {isa = PBXBuildFile; fileRef = 5C24AA99299A34F000CA4646 /* AuthViewController.swift */; };
		5C24AA9F299A555B00CA4646 /* DefaultNetworkingService.swift in Sources */ = {isa = PBXBuildFile; fileRef = 5C24AA9E299A555B00CA4646 /* DefaultNetworkingService.swift */; };
		5C24AAA1299A571900CA4646 /* API.swift in Sources */ = {isa = PBXBuildFile; fileRef = 5C24AAA0299A571900CA4646 /* API.swift */; };
		5C24AAA3299E499E00CA4646 /* FeedResponse.swift in Sources */ = {isa = PBXBuildFile; fileRef = 5C24AAA2299E499E00CA4646 /* FeedResponse.swift */; };
		5C24AAA5299E504200CA4646 /* NetworkDataFetcher.swift in Sources */ = {isa = PBXBuildFile; fileRef = 5C24AAA4299E504200CA4646 /* NetworkDataFetcher.swift */; };
		5C3DA2F12996981100449A18 /* AuthService.swift in Sources */ = {isa = PBXBuildFile; fileRef = 5C3DA2F02996981100449A18 /* AuthService.swift */; };
		5C572A02299E735600F4E61F /* NewsfeedPresenter.swift in Sources */ = {isa = PBXBuildFile; fileRef = 5C5729FC299E735600F4E61F /* NewsfeedPresenter.swift */; };
		5C572A03299E735600F4E61F /* NewsfeedWorker.swift in Sources */ = {isa = PBXBuildFile; fileRef = 5C5729FD299E735600F4E61F /* NewsfeedWorker.swift */; };
		5C572A04299E735600F4E61F /* NewsfeedRouter.swift in Sources */ = {isa = PBXBuildFile; fileRef = 5C5729FE299E735600F4E61F /* NewsfeedRouter.swift */; };
		5C572A05299E735600F4E61F /* NewsfeedModels.swift in Sources */ = {isa = PBXBuildFile; fileRef = 5C5729FF299E735600F4E61F /* NewsfeedModels.swift */; };
		5C572A06299E735600F4E61F /* NewsfeedViewController.swift in Sources */ = {isa = PBXBuildFile; fileRef = 5C572A00299E735600F4E61F /* NewsfeedViewController.swift */; };
		5C572A07299E735600F4E61F /* NewsfeedInteractor.swift in Sources */ = {isa = PBXBuildFile; fileRef = 5C572A01299E735600F4E61F /* NewsfeedInteractor.swift */; };
		5C572A0929A127B500F4E61F /* WebImageView.swift in Sources */ = {isa = PBXBuildFile; fileRef = 5C572A0829A127B500F4E61F /* WebImageView.swift */; };
		5CA11F2B29A5378F00A082D9 /* NewsfeedCellLayoutCalculator.swift in Sources */ = {isa = PBXBuildFile; fileRef = 5CA11F2A29A5378F00A082D9 /* NewsfeedCellLayoutCalculator.swift */; };
		5CA11F2D29B0B8A600A082D9 /* String+Height.swift in Sources */ = {isa = PBXBuildFile; fileRef = 5CA11F2C29B0B8A600A082D9 /* String+Height.swift */; };
		5CA11F2F29B0C21B00A082D9 /* Constants.swift in Sources */ = {isa = PBXBuildFile; fileRef = 5CA11F2E29B0C21B00A082D9 /* Constants.swift */; };
		5CA91A962995108E0047F36D /* AppDelegate.swift in Sources */ = {isa = PBXBuildFile; fileRef = 5CA91A952995108E0047F36D /* AppDelegate.swift */; };
		5CA91A982995108E0047F36D /* SceneDelegate.swift in Sources */ = {isa = PBXBuildFile; fileRef = 5CA91A972995108E0047F36D /* SceneDelegate.swift */; };
		5CA91A9F2995108F0047F36D /* Assets.xcassets in Resources */ = {isa = PBXBuildFile; fileRef = 5CA91A9E2995108F0047F36D /* Assets.xcassets */; };
		5CA91AA22995108F0047F36D /* LaunchScreen.storyboard in Resources */ = {isa = PBXBuildFile; fileRef = 5CA91AA02995108F0047F36D /* LaunchScreen.storyboard */; };
		5CA91AAC299517390047F36D /* NewsfeedCell.swift in Sources */ = {isa = PBXBuildFile; fileRef = 5CA91AAB299517390047F36D /* NewsfeedCell.swift */; };
		B8F2944560C8D7DBD9054355 /* Pods_temp_mail.framework in Frameworks */ = {isa = PBXBuildFile; fileRef = A5CEF72C7325661C64127699 /* Pods_temp_mail.framework */; };
/* End PBXBuildFile section */

/* Begin PBXFileReference section */
		32FE4E4D53D1FF6360A78DAA /* Pods-temp-mail.release.xcconfig */ = {isa = PBXFileReference; includeInIndex = 1; lastKnownFileType = text.xcconfig; name = "Pods-temp-mail.release.xcconfig"; path = "Target Support Files/Pods-temp-mail/Pods-temp-mail.release.xcconfig"; sourceTree = "<group>"; };
		5C24AA99299A34F000CA4646 /* AuthViewController.swift */ = {isa = PBXFileReference; lastKnownFileType = sourcecode.swift; path = AuthViewController.swift; sourceTree = "<group>"; };
		5C24AA9E299A555B00CA4646 /* DefaultNetworkingService.swift */ = {isa = PBXFileReference; lastKnownFileType = sourcecode.swift; path = DefaultNetworkingService.swift; sourceTree = "<group>"; };
		5C24AAA0299A571900CA4646 /* API.swift */ = {isa = PBXFileReference; lastKnownFileType = sourcecode.swift; path = API.swift; sourceTree = "<group>"; };
		5C24AAA2299E499E00CA4646 /* FeedResponse.swift */ = {isa = PBXFileReference; lastKnownFileType = sourcecode.swift; path = FeedResponse.swift; sourceTree = "<group>"; };
		5C24AAA4299E504200CA4646 /* NetworkDataFetcher.swift */ = {isa = PBXFileReference; lastKnownFileType = sourcecode.swift; path = NetworkDataFetcher.swift; sourceTree = "<group>"; };
		5C3DA2F02996981100449A18 /* AuthService.swift */ = {isa = PBXFileReference; lastKnownFileType = sourcecode.swift; path = AuthService.swift; sourceTree = "<group>"; };
		5C5729FC299E735600F4E61F /* NewsfeedPresenter.swift */ = {isa = PBXFileReference; lastKnownFileType = sourcecode.swift; path = NewsfeedPresenter.swift; sourceTree = "<group>"; };
		5C5729FD299E735600F4E61F /* NewsfeedWorker.swift */ = {isa = PBXFileReference; lastKnownFileType = sourcecode.swift; path = NewsfeedWorker.swift; sourceTree = "<group>"; };
		5C5729FE299E735600F4E61F /* NewsfeedRouter.swift */ = {isa = PBXFileReference; lastKnownFileType = sourcecode.swift; path = NewsfeedRouter.swift; sourceTree = "<group>"; };
		5C5729FF299E735600F4E61F /* NewsfeedModels.swift */ = {isa = PBXFileReference; lastKnownFileType = sourcecode.swift; path = NewsfeedModels.swift; sourceTree = "<group>"; };
		5C572A00299E735600F4E61F /* NewsfeedViewController.swift */ = {isa = PBXFileReference; lastKnownFileType = sourcecode.swift; path = NewsfeedViewController.swift; sourceTree = "<group>"; };
		5C572A01299E735600F4E61F /* NewsfeedInteractor.swift */ = {isa = PBXFileReference; lastKnownFileType = sourcecode.swift; path = NewsfeedInteractor.swift; sourceTree = "<group>"; };
		5C572A0829A127B500F4E61F /* WebImageView.swift */ = {isa = PBXFileReference; lastKnownFileType = sourcecode.swift; path = WebImageView.swift; sourceTree = "<group>"; };
		5CA11F2A29A5378F00A082D9 /* NewsfeedCellLayoutCalculator.swift */ = {isa = PBXFileReference; lastKnownFileType = sourcecode.swift; path = NewsfeedCellLayoutCalculator.swift; sourceTree = "<group>"; };
		5CA11F2C29B0B8A600A082D9 /* String+Height.swift */ = {isa = PBXFileReference; lastKnownFileType = sourcecode.swift; path = "String+Height.swift"; sourceTree = "<group>"; };
		5CA11F2E29B0C21B00A082D9 /* Constants.swift */ = {isa = PBXFileReference; lastKnownFileType = sourcecode.swift; path = Constants.swift; sourceTree = "<group>"; };
		5CA91A922995108E0047F36D /* temp-mail.app */ = {isa = PBXFileReference; explicitFileType = wrapper.application; includeInIndex = 0; path = "temp-mail.app"; sourceTree = BUILT_PRODUCTS_DIR; };
		5CA91A952995108E0047F36D /* AppDelegate.swift */ = {isa = PBXFileReference; lastKnownFileType = sourcecode.swift; path = AppDelegate.swift; sourceTree = "<group>"; };
		5CA91A972995108E0047F36D /* SceneDelegate.swift */ = {isa = PBXFileReference; lastKnownFileType = sourcecode.swift; path = SceneDelegate.swift; sourceTree = "<group>"; };
		5CA91A9E2995108F0047F36D /* Assets.xcassets */ = {isa = PBXFileReference; lastKnownFileType = folder.assetcatalog; path = Assets.xcassets; sourceTree = "<group>"; };
		5CA91AA12995108F0047F36D /* Base */ = {isa = PBXFileReference; lastKnownFileType = file.storyboard; name = Base; path = Base.lproj/LaunchScreen.storyboard; sourceTree = "<group>"; };
		5CA91AA32995108F0047F36D /* Info.plist */ = {isa = PBXFileReference; lastKnownFileType = text.plist.xml; path = Info.plist; sourceTree = "<group>"; };
		5CA91AAB299517390047F36D /* NewsfeedCell.swift */ = {isa = PBXFileReference; lastKnownFileType = sourcecode.swift; path = NewsfeedCell.swift; sourceTree = "<group>"; };
		A5CEF72C7325661C64127699 /* Pods_temp_mail.framework */ = {isa = PBXFileReference; explicitFileType = wrapper.framework; includeInIndex = 0; path = Pods_temp_mail.framework; sourceTree = BUILT_PRODUCTS_DIR; };
		EAB909E913C5B6B4C1D13381 /* Pods-temp-mail.debug.xcconfig */ = {isa = PBXFileReference; includeInIndex = 1; lastKnownFileType = text.xcconfig; name = "Pods-temp-mail.debug.xcconfig"; path = "Target Support Files/Pods-temp-mail/Pods-temp-mail.debug.xcconfig"; sourceTree = "<group>"; };
/* End PBXFileReference section */

/* Begin PBXFrameworksBuildPhase section */
		5CA91A8F2995108E0047F36D /* Frameworks */ = {
			isa = PBXFrameworksBuildPhase;
			buildActionMask = 2147483647;
			files = (
				B8F2944560C8D7DBD9054355 /* Pods_temp_mail.framework in Frameworks */,
			);
			runOnlyForDeploymentPostprocessing = 0;
		};
/* End PBXFrameworksBuildPhase section */

/* Begin PBXGroup section */
		491B41834D9596C460CB9F19 /* Frameworks */ = {
			isa = PBXGroup;
			children = (
				A5CEF72C7325661C64127699 /* Pods_temp_mail.framework */,
			);
			name = Frameworks;
			sourceTree = "<group>";
		};
		5C24AA9B299A550000CA4646 /* Controllers */ = {
			isa = PBXGroup;
			children = (
				5C24AA99299A34F000CA4646 /* AuthViewController.swift */,
			);
			path = Controllers;
			sourceTree = "<group>";
		};
		5C24AA9C299A551B00CA4646 /* Views */ = {
			isa = PBXGroup;
			children = (
				5CA91AAB299517390047F36D /* NewsfeedCell.swift */,
				5CA91AA02995108F0047F36D /* LaunchScreen.storyboard */,
			);
			path = Views;
			sourceTree = "<group>";
		};
		5C3DA2F22996982600449A18 /* Services */ = {
			isa = PBXGroup;
			children = (
				5C24AAA0299A571900CA4646 /* API.swift */,
				5C3DA2F02996981100449A18 /* AuthService.swift */,
				5C24AA9E299A555B00CA4646 /* DefaultNetworkingService.swift */,
				5C24AAA4299E504200CA4646 /* NetworkDataFetcher.swift */,
				5CA11F2A29A5378F00A082D9 /* NewsfeedCellLayoutCalculator.swift */,
				5C24AAA2299E499E00CA4646 /* FeedResponse.swift */,
				5C572A0829A127B500F4E61F /* WebImageView.swift */,
				5CA11F2C29B0B8A600A082D9 /* String+Height.swift */,
				5CA11F2E29B0C21B00A082D9 /* Constants.swift */,
			);
			path = Services;
			sourceTree = "<group>";
		};
		5C5729FB299E730500F4E61F /* Newsfeed */ = {
			isa = PBXGroup;
			children = (
				5C572A00299E735600F4E61F /* NewsfeedViewController.swift */,
				5C572A01299E735600F4E61F /* NewsfeedInteractor.swift */,
				5C5729FC299E735600F4E61F /* NewsfeedPresenter.swift */,
				5C5729FF299E735600F4E61F /* NewsfeedModels.swift */,
				5C5729FD299E735600F4E61F /* NewsfeedWorker.swift */,
				5C5729FE299E735600F4E61F /* NewsfeedRouter.swift */,
			);
			path = Newsfeed;
			sourceTree = "<group>";
		};
		5CA91A892995108E0047F36D = {
			isa = PBXGroup;
			children = (
				5CA91A942995108E0047F36D /* temp-mail */,
				5CA91A932995108E0047F36D /* Products */,
				61BAC1754AC3817DF018DCA4 /* Pods */,
				491B41834D9596C460CB9F19 /* Frameworks */,
			);
			sourceTree = "<group>";
		};
		5CA91A932995108E0047F36D /* Products */ = {
			isa = PBXGroup;
			children = (
				5CA91A922995108E0047F36D /* temp-mail.app */,
			);
			name = Products;
			sourceTree = "<group>";
		};
		5CA91A942995108E0047F36D /* temp-mail */ = {
			isa = PBXGroup;
			children = (
				5CA91A952995108E0047F36D /* AppDelegate.swift */,
				5CA91A972995108E0047F36D /* SceneDelegate.swift */,
				5C5729FB299E730500F4E61F /* Newsfeed */,
				5C3DA2F22996982600449A18 /* Services */,
				5C24AA9B299A550000CA4646 /* Controllers */,
				5C24AA9C299A551B00CA4646 /* Views */,
				5CA91A9E2995108F0047F36D /* Assets.xcassets */,
				5CA91AA32995108F0047F36D /* Info.plist */,
			);
			path = "temp-mail";
			sourceTree = "<group>";
		};
		61BAC1754AC3817DF018DCA4 /* Pods */ = {
			isa = PBXGroup;
			children = (
				EAB909E913C5B6B4C1D13381 /* Pods-temp-mail.debug.xcconfig */,
				32FE4E4D53D1FF6360A78DAA /* Pods-temp-mail.release.xcconfig */,
			);
			path = Pods;
			sourceTree = "<group>";
		};
/* End PBXGroup section */

/* Begin PBXNativeTarget section */
		5CA91A912995108E0047F36D /* temp-mail */ = {
			isa = PBXNativeTarget;
			buildConfigurationList = 5CA91AA62995108F0047F36D /* Build configuration list for PBXNativeTarget "temp-mail" */;
			buildPhases = (
				F43EE9C436A131A0745FA45A /* [CP] Check Pods Manifest.lock */,
				5CA91A8E2995108E0047F36D /* Sources */,
				5CA91A8F2995108E0047F36D /* Frameworks */,
				5CA91A902995108E0047F36D /* Resources */,
				6645F4DAA5B0BA55BC1CBAEA /* [CP] Embed Pods Frameworks */,
			);
			buildRules = (
			);
			dependencies = (
			);
			name = "temp-mail";
			productName = "temp-mail";
			productReference = 5CA91A922995108E0047F36D /* temp-mail.app */;
			productType = "com.apple.product-type.application";
		};
/* End PBXNativeTarget section */

/* Begin PBXProject section */
		5CA91A8A2995108E0047F36D /* Project object */ = {
			isa = PBXProject;
			attributes = {
				BuildIndependentTargetsInParallel = 1;
				LastSwiftUpdateCheck = 1420;
				LastUpgradeCheck = 1420;
				TargetAttributes = {
					5CA91A912995108E0047F36D = {
						CreatedOnToolsVersion = 14.2;
					};
				};
			};
			buildConfigurationList = 5CA91A8D2995108E0047F36D /* Build configuration list for PBXProject "temp-mail" */;
			compatibilityVersion = "Xcode 14.0";
			developmentRegion = en;
			hasScannedForEncodings = 0;
			knownRegions = (
				en,
				Base,
			);
			mainGroup = 5CA91A892995108E0047F36D;
			productRefGroup = 5CA91A932995108E0047F36D /* Products */;
			projectDirPath = "";
			projectRoot = "";
			targets = (
				5CA91A912995108E0047F36D /* temp-mail */,
			);
		};
/* End PBXProject section */

/* Begin PBXResourcesBuildPhase section */
		5CA91A902995108E0047F36D /* Resources */ = {
			isa = PBXResourcesBuildPhase;
			buildActionMask = 2147483647;
			files = (
				5CA91AA22995108F0047F36D /* LaunchScreen.storyboard in Resources */,
				5CA91A9F2995108F0047F36D /* Assets.xcassets in Resources */,
			);
			runOnlyForDeploymentPostprocessing = 0;
		};
/* End PBXResourcesBuildPhase section */

/* Begin PBXShellScriptBuildPhase section */
		6645F4DAA5B0BA55BC1CBAEA /* [CP] Embed Pods Frameworks */ = {
			isa = PBXShellScriptBuildPhase;
			buildActionMask = 2147483647;
			files = (
			);
			inputFileListPaths = (
				"${PODS_ROOT}/Target Support Files/Pods-temp-mail/Pods-temp-mail-frameworks-${CONFIGURATION}-input-files.xcfilelist",
			);
			name = "[CP] Embed Pods Frameworks";
			outputFileListPaths = (
				"${PODS_ROOT}/Target Support Files/Pods-temp-mail/Pods-temp-mail-frameworks-${CONFIGURATION}-output-files.xcfilelist",
			);
			runOnlyForDeploymentPostprocessing = 0;
			shellPath = /bin/sh;
			shellScript = "\"${PODS_ROOT}/Target Support Files/Pods-temp-mail/Pods-temp-mail-frameworks.sh\"\n";
			showEnvVarsInLog = 0;
		};
		F43EE9C436A131A0745FA45A /* [CP] Check Pods Manifest.lock */ = {
			isa = PBXShellScriptBuildPhase;
			buildActionMask = 2147483647;
			files = (
			);
			inputFileListPaths = (
			);
			inputPaths = (
				"${PODS_PODFILE_DIR_PATH}/Podfile.lock",
				"${PODS_ROOT}/Manifest.lock",
			);
			name = "[CP] Check Pods Manifest.lock";
			outputFileListPaths = (
			);
			outputPaths = (
				"$(DERIVED_FILE_DIR)/Pods-temp-mail-checkManifestLockResult.txt",
			);
			runOnlyForDeploymentPostprocessing = 0;
			shellPath = /bin/sh;
			shellScript = "diff \"${PODS_PODFILE_DIR_PATH}/Podfile.lock\" \"${PODS_ROOT}/Manifest.lock\" > /dev/null\nif [ $? != 0 ] ; then\n    # print error to STDERR\n    echo \"error: The sandbox is not in sync with the Podfile.lock. Run 'pod install' or update your CocoaPods installation.\" >&2\n    exit 1\nfi\n# This output is used by Xcode 'outputs' to avoid re-running this script phase.\necho \"SUCCESS\" > \"${SCRIPT_OUTPUT_FILE_0}\"\n";
			showEnvVarsInLog = 0;
		};
/* End PBXShellScriptBuildPhase section */

/* Begin PBXSourcesBuildPhase section */
		5CA91A8E2995108E0047F36D /* Sources */ = {
			isa = PBXSourcesBuildPhase;
			buildActionMask = 2147483647;
			files = (
				5CA91AAC299517390047F36D /* NewsfeedCell.swift in Sources */,
				5CA11F2F29B0C21B00A082D9 /* Constants.swift in Sources */,
				5C572A0929A127B500F4E61F /* WebImageView.swift in Sources */,
				5C572A02299E735600F4E61F /* NewsfeedPresenter.swift in Sources */,
				5C24AAA1299A571900CA4646 /* API.swift in Sources */,
				5C24AAA5299E504200CA4646 /* NetworkDataFetcher.swift in Sources */,
				5C24AA9A299A34F000CA4646 /* AuthViewController.swift in Sources */,
				5C572A06299E735600F4E61F /* NewsfeedViewController.swift in Sources */,
				5C572A04299E735600F4E61F /* NewsfeedRouter.swift in Sources */,
				5C572A03299E735600F4E61F /* NewsfeedWorker.swift in Sources */,
				5C24AA9F299A555B00CA4646 /* DefaultNetworkingService.swift in Sources */,
				5C24AAA3299E499E00CA4646 /* FeedResponse.swift in Sources */,
				5C572A07299E735600F4E61F /* NewsfeedInteractor.swift in Sources */,
				5CA91A962995108E0047F36D /* AppDelegate.swift in Sources */,
				5CA11F2B29A5378F00A082D9 /* NewsfeedCellLayoutCalculator.swift in Sources */,
				5C572A05299E735600F4E61F /* NewsfeedModels.swift in Sources */,
				5CA11F2D29B0B8A600A082D9 /* String+Height.swift in Sources */,
				5CA91A982995108E0047F36D /* SceneDelegate.swift in Sources */,
				5C3DA2F12996981100449A18 /* AuthService.swift in Sources */,
			);
			runOnlyForDeploymentPostprocessing = 0;
		};
/* End PBXSourcesBuildPhase section */

/* Begin PBXVariantGroup section */
		5CA91AA02995108F0047F36D /* LaunchScreen.storyboard */ = {
			isa = PBXVariantGroup;
			children = (
				5CA91AA12995108F0047F36D /* Base */,
			);
			name = LaunchScreen.storyboard;
			sourceTree = "<group>";
		};
/* End PBXVariantGroup section */

/* Begin XCBuildConfiguration section */
		5CA91AA42995108F0047F36D /* Debug */ = {
			isa = XCBuildConfiguration;
			buildSettings = {
				ALWAYS_SEARCH_USER_PATHS = NO;
				CLANG_ANALYZER_NONNULL = YES;
				CLANG_ANALYZER_NUMBER_OBJECT_CONVERSION = YES_AGGRESSIVE;
				CLANG_CXX_LANGUAGE_STANDARD = "gnu++20";
				CLANG_ENABLE_MODULES = YES;
				CLANG_ENABLE_OBJC_ARC = YES;
				CLANG_ENABLE_OBJC_WEAK = YES;
				CLANG_WARN_BLOCK_CAPTURE_AUTORELEASING = YES;
				CLANG_WARN_BOOL_CONVERSION = YES;
				CLANG_WARN_COMMA = YES;
				CLANG_WARN_CONSTANT_CONVERSION = YES;
				CLANG_WARN_DEPRECATED_OBJC_IMPLEMENTATIONS = YES;
				CLANG_WARN_DIRECT_OBJC_ISA_USAGE = YES_ERROR;
				CLANG_WARN_DOCUMENTATION_COMMENTS = YES;
				CLANG_WARN_EMPTY_BODY = YES;
				CLANG_WARN_ENUM_CONVERSION = YES;
				CLANG_WARN_INFINITE_RECURSION = YES;
				CLANG_WARN_INT_CONVERSION = YES;
				CLANG_WARN_NON_LITERAL_NULL_CONVERSION = YES;
				CLANG_WARN_OBJC_IMPLICIT_RETAIN_SELF = YES;
				CLANG_WARN_OBJC_LITERAL_CONVERSION = YES;
				CLANG_WARN_OBJC_ROOT_CLASS = YES_ERROR;
				CLANG_WARN_QUOTED_INCLUDE_IN_FRAMEWORK_HEADER = YES;
				CLANG_WARN_RANGE_LOOP_ANALYSIS = YES;
				CLANG_WARN_STRICT_PROTOTYPES = YES;
				CLANG_WARN_SUSPICIOUS_MOVE = YES;
				CLANG_WARN_UNGUARDED_AVAILABILITY = YES_AGGRESSIVE;
				CLANG_WARN_UNREACHABLE_CODE = YES;
				CLANG_WARN__DUPLICATE_METHOD_MATCH = YES;
				COPY_PHASE_STRIP = NO;
				DEBUG_INFORMATION_FORMAT = dwarf;
				ENABLE_STRICT_OBJC_MSGSEND = YES;
				ENABLE_TESTABILITY = YES;
				GCC_C_LANGUAGE_STANDARD = gnu11;
				GCC_DYNAMIC_NO_PIC = NO;
				GCC_NO_COMMON_BLOCKS = YES;
				GCC_OPTIMIZATION_LEVEL = 0;
				GCC_PREPROCESSOR_DEFINITIONS = (
					"DEBUG=1",
					"$(inherited)",
				);
				GCC_WARN_64_TO_32_BIT_CONVERSION = YES;
				GCC_WARN_ABOUT_RETURN_TYPE = YES_ERROR;
				GCC_WARN_UNDECLARED_SELECTOR = YES;
				GCC_WARN_UNINITIALIZED_AUTOS = YES_AGGRESSIVE;
				GCC_WARN_UNUSED_FUNCTION = YES;
				GCC_WARN_UNUSED_VARIABLE = YES;
				IPHONEOS_DEPLOYMENT_TARGET = 16.2;
				MTL_ENABLE_DEBUG_INFO = INCLUDE_SOURCE;
				MTL_FAST_MATH = YES;
				ONLY_ACTIVE_ARCH = YES;
				SDKROOT = iphoneos;
				SWIFT_ACTIVE_COMPILATION_CONDITIONS = DEBUG;
				SWIFT_OPTIMIZATION_LEVEL = "-Onone";
			};
			name = Debug;
		};
		5CA91AA52995108F0047F36D /* Release */ = {
			isa = XCBuildConfiguration;
			buildSettings = {
				ALWAYS_SEARCH_USER_PATHS = NO;
				CLANG_ANALYZER_NONNULL = YES;
				CLANG_ANALYZER_NUMBER_OBJECT_CONVERSION = YES_AGGRESSIVE;
				CLANG_CXX_LANGUAGE_STANDARD = "gnu++20";
				CLANG_ENABLE_MODULES = YES;
				CLANG_ENABLE_OBJC_ARC = YES;
				CLANG_ENABLE_OBJC_WEAK = YES;
				CLANG_WARN_BLOCK_CAPTURE_AUTORELEASING = YES;
				CLANG_WARN_BOOL_CONVERSION = YES;
				CLANG_WARN_COMMA = YES;
				CLANG_WARN_CONSTANT_CONVERSION = YES;
				CLANG_WARN_DEPRECATED_OBJC_IMPLEMENTATIONS = YES;
				CLANG_WARN_DIRECT_OBJC_ISA_USAGE = YES_ERROR;
				CLANG_WARN_DOCUMENTATION_COMMENTS = YES;
				CLANG_WARN_EMPTY_BODY = YES;
				CLANG_WARN_ENUM_CONVERSION = YES;
				CLANG_WARN_INFINITE_RECURSION = YES;
				CLANG_WARN_INT_CONVERSION = YES;
				CLANG_WARN_NON_LITERAL_NULL_CONVERSION = YES;
				CLANG_WARN_OBJC_IMPLICIT_RETAIN_SELF = YES;
				CLANG_WARN_OBJC_LITERAL_CONVERSION = YES;
				CLANG_WARN_OBJC_ROOT_CLASS = YES_ERROR;
				CLANG_WARN_QUOTED_INCLUDE_IN_FRAMEWORK_HEADER = YES;
				CLANG_WARN_RANGE_LOOP_ANALYSIS = YES;
				CLANG_WARN_STRICT_PROTOTYPES = YES;
				CLANG_WARN_SUSPICIOUS_MOVE = YES;
				CLANG_WARN_UNGUARDED_AVAILABILITY = YES_AGGRESSIVE;
				CLANG_WARN_UNREACHABLE_CODE = YES;
				CLANG_WARN__DUPLICATE_METHOD_MATCH = YES;
				COPY_PHASE_STRIP = NO;
				DEBUG_INFORMATION_FORMAT = "dwarf-with-dsym";
				ENABLE_NS_ASSERTIONS = NO;
				ENABLE_STRICT_OBJC_MSGSEND = YES;
				GCC_C_LANGUAGE_STANDARD = gnu11;
				GCC_NO_COMMON_BLOCKS = YES;
				GCC_WARN_64_TO_32_BIT_CONVERSION = YES;
				GCC_WARN_ABOUT_RETURN_TYPE = YES_ERROR;
				GCC_WARN_UNDECLARED_SELECTOR = YES;
				GCC_WARN_UNINITIALIZED_AUTOS = YES_AGGRESSIVE;
				GCC_WARN_UNUSED_FUNCTION = YES;
				GCC_WARN_UNUSED_VARIABLE = YES;
				IPHONEOS_DEPLOYMENT_TARGET = 16.2;
				MTL_ENABLE_DEBUG_INFO = NO;
				MTL_FAST_MATH = YES;
				SDKROOT = iphoneos;
				SWIFT_COMPILATION_MODE = wholemodule;
				SWIFT_OPTIMIZATION_LEVEL = "-O";
				VALIDATE_PRODUCT = YES;
			};
			name = Release;
		};
		5CA91AA72995108F0047F36D /* Debug */ = {
			isa = XCBuildConfiguration;
			baseConfigurationReference = EAB909E913C5B6B4C1D13381 /* Pods-temp-mail.debug.xcconfig */;
			buildSettings = {
				ASSETCATALOG_COMPILER_APPICON_NAME = AppIcon;
				ASSETCATALOG_COMPILER_GLOBAL_ACCENT_COLOR_NAME = AccentColor;
				CODE_SIGN_STYLE = Automatic;
				CURRENT_PROJECT_VERSION = 1;
				DEVELOPMENT_TEAM = 34LPHPDCF6;
				GENERATE_INFOPLIST_FILE = YES;
				INFOPLIST_FILE = "temp-mail/Info.plist";
				INFOPLIST_KEY_UIApplicationSupportsIndirectInputEvents = YES;
				INFOPLIST_KEY_UILaunchStoryboardName = LaunchScreen.storyboard;
				INFOPLIST_KEY_UISupportedInterfaceOrientations_iPad = "UIInterfaceOrientationPortrait UIInterfaceOrientationPortraitUpsideDown UIInterfaceOrientationLandscapeLeft UIInterfaceOrientationLandscapeRight";
				INFOPLIST_KEY_UISupportedInterfaceOrientations_iPhone = "UIInterfaceOrientationPortrait UIInterfaceOrientationLandscapeLeft UIInterfaceOrientationLandscapeRight";
				LD_RUNPATH_SEARCH_PATHS = (
					"$(inherited)",
					"@executable_path/Frameworks",
				);
				MARKETING_VERSION = 1.0;
				PRODUCT_BUNDLE_IDENTIFIER = "com.daniyar.temp-mail";
				PRODUCT_NAME = "$(TARGET_NAME)";
				SWIFT_EMIT_LOC_STRINGS = YES;
				SWIFT_VERSION = 5.0;
				TARGETED_DEVICE_FAMILY = "1,2";
			};
			name = Debug;
		};
		5CA91AA82995108F0047F36D /* Release */ = {
			isa = XCBuildConfiguration;
			baseConfigurationReference = 32FE4E4D53D1FF6360A78DAA /* Pods-temp-mail.release.xcconfig */;
			buildSettings = {
				ASSETCATALOG_COMPILER_APPICON_NAME = AppIcon;
				ASSETCATALOG_COMPILER_GLOBAL_ACCENT_COLOR_NAME = AccentColor;
				CODE_SIGN_STYLE = Automatic;
				CURRENT_PROJECT_VERSION = 1;
				DEVELOPMENT_TEAM = 34LPHPDCF6;
				GENERATE_INFOPLIST_FILE = YES;
				INFOPLIST_FILE = "temp-mail/Info.plist";
				INFOPLIST_KEY_UIApplicationSupportsIndirectInputEvents = YES;
				INFOPLIST_KEY_UILaunchStoryboardName = LaunchScreen.storyboard;
				INFOPLIST_KEY_UISupportedInterfaceOrientations_iPad = "UIInterfaceOrientationPortrait UIInterfaceOrientationPortraitUpsideDown UIInterfaceOrientationLandscapeLeft UIInterfaceOrientationLandscapeRight";
				INFOPLIST_KEY_UISupportedInterfaceOrientations_iPhone = "UIInterfaceOrientationPortrait UIInterfaceOrientationLandscapeLeft UIInterfaceOrientationLandscapeRight";
				LD_RUNPATH_SEARCH_PATHS = (
					"$(inherited)",
					"@executable_path/Frameworks",
				);
				MARKETING_VERSION = 1.0;
				PRODUCT_BUNDLE_IDENTIFIER = "com.daniyar.temp-mail";
				PRODUCT_NAME = "$(TARGET_NAME)";
				SWIFT_EMIT_LOC_STRINGS = YES;
				SWIFT_VERSION = 5.0;
				TARGETED_DEVICE_FAMILY = "1,2";
			};
			name = Release;
		};
/* End XCBuildConfiguration section */

/* Begin XCConfigurationList section */
		5CA91A8D2995108E0047F36D /* Build configuration list for PBXProject "temp-mail" */ = {
			isa = XCConfigurationList;
			buildConfigurations = (
				5CA91AA42995108F0047F36D /* Debug */,
				5CA91AA52995108F0047F36D /* Release */,
			);
			defaultConfigurationIsVisible = 0;
			defaultConfigurationName = Release;
		};
		5CA91AA62995108F0047F36D /* Build configuration list for PBXNativeTarget "temp-mail" */ = {
			isa = XCConfigurationList;
			buildConfigurations = (
				5CA91AA72995108F0047F36D /* Debug */,
				5CA91AA82995108F0047F36D /* Release */,
			);
			defaultConfigurationIsVisible = 0;
			defaultConfigurationName = Release;
		};
/* End XCConfigurationList section */
	};
	rootObject = 5CA91A8A2995108E0047F36D /* Project object */;
}
